
Microsoft Visual Studio Solution File, Format Version 12.00
# Visual Studio Version 17
VisualStudioVersion = 17.10.35122.118
MinimumVisualStudioVersion = 10.0.40219.1
Project("{FAE04EC0-301F-11D3-BF4B-00C04F79EFBC}") = "BookBee", "BookBee.csproj", "{2C2E0A81-3F03-4A2C-AE6B-59132DAD028E}"
EndProject
Global
	GlobalSection(SolutionConfigurationPlatforms) = preSolution
		Debug|Any CPU = Debug|Any CPU
		Release|Any CPU = Release|Any CPU
	EndGlobalSection
	GlobalSection(ProjectConfigurationPlatforms) = postSolution
		{2C2E0A81-3F03-4A2C-AE6B-59132DAD028E}.Debug|Any CPU.ActiveCfg = Debug|Any CPU
		{2C2E0A81-3F03-4A2C-AE6B-59132DAD028E}.Debug|Any CPU.Build.0 = Debug|Any CPU
		{2C2E0A81-3F03-4A2C-AE6B-59132DAD028E}.Release|Any CPU.ActiveCfg = Release|Any CPU
		{2C2E0A81-3F03-4A2C-AE6B-59132DAD028E}.Release|Any CPU.Build.0 = Release|Any CPU
	EndGlobalSection
	GlobalSection(SolutionProperties) = preSolution
		HideSolutionNode = FALSE
	EndGlobalSection
	GlobalSection(ExtensibilityGlobals) = postSolution
		SolutionGuid = {E67793BB-058F-408C-B191-D71A127D59AB}
	EndGlobalSection
EndGlobal
