
Microsoft Visual Studio Solution File, Format Version 12.00
# Visual Studio Version 17
VisualStudioVersion = 17.10.35122.118
MinimumVisualStudioVersion = 10.0.40219.1
Project("{9A19103F-16F7-4668-BE54-9A1E7A4F7556}") = "BookBee", "BookBee.csproj", "{B1869A4B-7685-4FB1-AE52-E50DFB2F622E}"
EndProject
Project("{FAE04EC0-301F-11D3-BF4B-00C04F79EFBC}") = "Fe_Admin", "..\..\FE\Fe_Admin\Fe_Admin.csproj", "{887D7C3F-9434-48D9-A9C4-05197A7B0935}"
EndProject
Project("{FAE04EC0-301F-11D3-BF4B-00C04F79EFBC}") = "Fe_User", "..\..\FE\Fe_User\Fe_User.csproj", "{ED4FB2F2-FFD9-4FC7-87B9-ECD7105B2559}"
EndProject
Global
	GlobalSection(SolutionConfigurationPlatforms) = preSolution
		Debug|Any CPU = Debug|Any CPU
		Release|Any CPU = Release|Any CPU
	EndGlobalSection
	GlobalSection(ProjectConfigurationPlatforms) = postSolution
		{B1869A4B-7685-4FB1-AE52-E50DFB2F622E}.Debug|Any CPU.ActiveCfg = Debug|Any CPU
		{B1869A4B-7685-4FB1-AE52-E50DFB2F622E}.Debug|Any CPU.Build.0 = Debug|Any CPU
		{B1869A4B-7685-4FB1-AE52-E50DFB2F622E}.Release|Any CPU.ActiveCfg = Release|Any CPU
		{B1869A4B-7685-4FB1-AE52-E50DFB2F622E}.Release|Any CPU.Build.0 = Release|Any CPU
		{887D7C3F-9434-48D9-A9C4-05197A7B0935}.Debug|Any CPU.ActiveCfg = Debug|Any CPU
		{887D7C3F-9434-48D9-A9C4-05197A7B0935}.Debug|Any CPU.Build.0 = Debug|Any CPU
		{887D7C3F-9434-48D9-A9C4-05197A7B0935}.Release|Any CPU.ActiveCfg = Release|Any CPU
		{887D7C3F-9434-48D9-A9C4-05197A7B0935}.Release|Any CPU.Build.0 = Release|Any CPU
		{ED4FB2F2-FFD9-4FC7-87B9-ECD7105B2559}.Debug|Any CPU.ActiveCfg = Debug|Any CPU
		{ED4FB2F2-FFD9-4FC7-87B9-ECD7105B2559}.Debug|Any CPU.Build.0 = Debug|Any CPU
		{ED4FB2F2-FFD9-4FC7-87B9-ECD7105B2559}.Release|Any CPU.ActiveCfg = Release|Any CPU
		{ED4FB2F2-FFD9-4FC7-87B9-ECD7105B2559}.Release|Any CPU.Build.0 = Release|Any CPU
	EndGlobalSection
	GlobalSection(SolutionProperties) = preSolution
		HideSolutionNode = FALSE
	EndGlobalSection
	GlobalSection(ExtensibilityGlobals) = postSolution
		SolutionGuid = {2D6BF026-5EBC-410D-8926-934F25C5EBE6}
	EndGlobalSection
EndGlobal
